<Solution>
  <Configurations>
    <BuildType Name="Debug-BepInEx5" />
    <BuildType Name="Debug-BepInEx6" />
    <BuildType Name="Release-BepInEx5" />
    <BuildType Name="Release-BepInEx6" />
  </Configurations>
  <Project Path="RhythmDoctor.Archipelago/libs/Pulse/PulseLib.csproj" />
  <Project Path="RhythmDoctor.Archipelago/RhythmDoctor.Archipelago.csproj" />
</Solution>
